{
  "nodes": {
    "crane": {
      "locked": {
        "lastModified": 1757183466,
        "narHash": "sha256-kTdCCMuRE+/HNHES5JYsbRHmgtr+l9mOtf5dpcMppVc=",
        "owner": "ipetkov",
        "repo": "crane",
        "rev": "d599ae4847e7f87603e7082d73ca673aa93c916d",
        "type": "github"
      },
      "original": {
        "owner": "ipetkov",
        "repo": "crane",
        "type": "github"
      }
    },
    "crane_2": {
      "locked": {
        "lastModified": 1769737823,
        "narHash": "sha256-DrBaNpZ+sJ4stXm+0nBX7zqZT9t9P22zbk6m5YhQxS4=",
        "owner": "ipetkov",
        "repo": "crane",
        "rev": "b2f45c3830aa96b7456a4c4bc327d04d7a43e1ba",
        "type": "github"
      },
      "original": {
        "owner": "ipetkov",
        "repo": "crane",
        "type": "github"
      }
    },
    "deploy-rs": {
      "inputs": {
        "flake-compat": "flake-compat",
        "nixpkgs": [
          "nixpkgs"
        ],
        "utils": "utils"
      },
      "locked": {
        "lastModified": 1781023725,
        "narHash": "sha256-Gt+qFANcrDRjl3xzidLYrAUQCd3808iuAsLwZbYYAEU=",
        "owner": "serokell",
        "repo": "deploy-rs",
        "rev": "2ce9051767ee4d1a3c43b52ba327431783bfd463",
        "type": "github"
      },
      "original": {
        "owner": "serokell",
        "repo": "deploy-rs",
        "type": "github"
      }
    },
    "disko": {
      "inputs": {
        "nixpkgs": [
          "nixpkgs"
        ]
      },
      "locked": {
        "lastModified": 1781152676,
        "narHash": "sha256-RxWs5ND31KzTG7wvMM+PMfUjyNpmIEr999lqNARaM5o=",
        "owner": "nix-community",
        "repo": "disko",
        "rev": "ff8702b4de27f72b4c78573dfb89ec74e36abdf1",
        "type": "github"
      },
      "original": {
        "owner": "nix-community",
        "repo": "disko",
        "type": "github"
      }
    },
    "flake-compat": {
      "flake": false,
      "locked": {
        "lastModified": 1733328505,
        "narHash": "sha256-NeCCThCEP3eCl2l/+27kNNK7QrwZB1IJCrXfrbv5oqU=",
        "owner": "edolstra",
        "repo": "flake-compat",
        "rev": "ff81ac966bb2cae68946d5ed5fc4994f96d0ffec",
        "type": "github"
      },
      "original": {
        "owner": "edolstra",
        "repo": "flake-compat",
        "type": "github"
      }
    },
    "flake-compat_2": {
      "flake": false,
      "locked": {
        "lastModified": 1761588595,
        "narHash": "sha256-XKUZz9zewJNUj46b4AJdiRZJAvSZ0Dqj2BNfXvFlJC4=",
        "owner": "edolstra",
        "repo": "flake-compat",
        "rev": "f387cd2afec9419c8ee37694406ca490c3f34ee5",
        "type": "github"
      },
      "original": {
        "owner": "edolstra",
        "repo": "flake-compat",
        "type": "github"
      }
    },
    "flake-parts": {
      "inputs": {
        "nixpkgs-lib": "nixpkgs-lib"
      },
      "locked": {
        "lastModified": 1778716662,
        "narHash": "sha256-m1Yf0wZ8j1OHjTc2UwHwyQRSnNeSgLJOd7q5Y45hzi4=",
        "owner": "hercules-ci",
        "repo": "flake-parts",
        "rev": "f7c1a2d347e4c52d5fb8d10cb4d94b5884e546fb",
        "type": "github"
      },
      "original": {
        "owner": "hercules-ci",
        "repo": "flake-parts",
        "type": "github"
      }
    },
    "flake-parts_2": {
      "inputs": {
        "nixpkgs-lib": "nixpkgs-lib_2"
      },
      "locked": {
        "lastModified": 1775087534,
        "narHash": "sha256-91qqW8lhL7TLwgQWijoGBbiD4t7/q75KTi8NxjVmSmA=",
        "owner": "hercules-ci",
        "repo": "flake-parts",
        "rev": "3107b77cd68437b9a76194f0f7f9c55f2329ca5b",
        "type": "github"
      },
      "original": {
        "owner": "hercules-ci",
        "repo": "flake-parts",
        "type": "github"
      }
    },
    "flake-parts_3": {
      "inputs": {
        "nixpkgs-lib": "nixpkgs-lib_3"
      },
      "locked": {
        "lastModified": 1769996383,
        "narHash": "sha256-AnYjnFWgS49RlqX7LrC4uA+sCCDBj0Ry/WOJ5XWAsa0=",
        "owner": "hercules-ci",
        "repo": "flake-parts",
        "rev": "57928607ea566b5db3ad13af0e57e921e6b12381",
        "type": "github"
      },
      "original": {
        "owner": "hercules-ci",
        "repo": "flake-parts",
        "type": "github"
      }
    },
    "flux": {
      "inputs": {
        "mcman": "mcman",
        "nixpkgs": [
          "nixpkgs"
        ]
      },
      "locked": {
        "lastModified": 1767316901,
        "narHash": "sha256-tllrks9CW9WWWa0w9Brc25uieYixR8pAMUJODith/yU=",
        "owner": "IogaMaster",
        "repo": "flux",
        "rev": "b12173e0b75c10c8f590a9d3a3ad23681f14d038",
        "type": "github"
      },
      "original": {
        "owner": "IogaMaster",
        "repo": "flux",
        "type": "github"
      }
    },
    "ghostty": {
      "inputs": {
        "flake-compat": "flake-compat_2",
        "home-manager": "home-manager",
        "nixpkgs": "nixpkgs_2",
        "systems": "systems_2",
        "zig": "zig",
        "zon2nix": "zon2nix"
      },
      "locked": {
        "lastModified": 1781500019,
        "narHash": "sha256-TW2dtJ1wZGtdyqQ4YAsfjbTLURhMISIMNK0c0aIy1xM=",
        "owner": "ghostty-org",
        "repo": "ghostty",
        "rev": "fdbf9ff3a31d7531b691cb49c98fc465a1a503a0",
        "type": "github"
      },
      "original": {
        "owner": "ghostty-org",
        "repo": "ghostty",
        "type": "github"
      }
    },
    "home-manager": {
      "inputs": {
        "nixpkgs": [
          "ghostty",
          "nixpkgs"
        ]
      },
      "locked": {
        "lastModified": 1770586272,
        "narHash": "sha256-Ucci8mu8QfxwzyfER2DQDbvW9t1BnTUJhBmY7ybralo=",
        "owner": "nix-community",
        "repo": "home-manager",
        "rev": "b1f916ba052341edc1f80d4b2399f1092a4873ca",
        "type": "github"
      },
      "original": {
        "owner": "nix-community",
        "repo": "home-manager",
        "type": "github"
      }
    },
    "home-manager_2": {
      "inputs": {
        "nixpkgs": [
          "impermanence",
          "nixpkgs"
        ]
      },
      "locked": {
        "lastModified": 1768598210,
        "narHash": "sha256-kkgA32s/f4jaa4UG+2f8C225Qvclxnqs76mf8zvTVPg=",
        "owner": "nix-community",
        "repo": "home-manager",
        "rev": "c47b2cc64a629f8e075de52e4742de688f930dc6",
        "type": "github"
      },
      "original": {
        "owner": "nix-community",
        "repo": "home-manager",
        "type": "github"
      }
    },
    "impermanence": {
      "inputs": {
        "home-manager": "home-manager_2",
        "nixpkgs": [
          "nixpkgs"
        ]
      },
      "locked": {
        "lastModified": 1769548169,
        "narHash": "sha256-03+JxvzmfwRu+5JafM0DLbxgHttOQZkUtDWBmeUkN8Y=",
        "owner": "nix-community",
        "repo": "impermanence",
        "rev": "7b1d382faf603b6d264f58627330f9faa5cba149",
        "type": "github"
      },
      "original": {
        "owner": "nix-community",
        "repo": "impermanence",
        "type": "github"
      }
    },
    "import-tree": {
      "locked": {
        "lastModified": 1778781969,
        "narHash": "sha256-Jjuz5CmSkur8KvLDoGa+vylEp+RkQtv4mt/qcMznpH0=",
        "owner": "vic",
        "repo": "import-tree",
        "rev": "d321337efd0f23a9eb14a42adb7b2c29313ab274",
        "type": "github"
      },
      "original": {
        "owner": "vic",
        "repo": "import-tree",
        "type": "github"
      }
    },
    "mcman": {
      "inputs": {
        "crane": "crane",
        "nixpkgs": "nixpkgs"
      },
      "locked": {
        "lastModified": 1778414270,
        "narHash": "sha256-1k3DLrRynJALy+rnHzEabpTXqMyiiL9r8WdsFeUbfwU=",
        "owner": "deniz-blue",
        "repo": "mcman",
        "rev": "2665efb902631f7a98e0679ac7ed4998e6540022",
        "type": "github"
      },
      "original": {
        "owner": "deniz-blue",
        "repo": "mcman",
        "rev": "2665efb902631f7a98e0679ac7ed4998e6540022",
        "type": "github"
      }
    },
    "microvm": {
      "inputs": {
        "nixpkgs": [
          "nixpkgs"
        ],
        "spectrum": "spectrum"
      },
      "locked": {
        "lastModified": 1781389237,
        "narHash": "sha256-Ne1/E5XNUq0gleaQz0vW5R4xf/0h/uEZ+bOW1aNjeQk=",
        "owner": "astro",
        "repo": "microvm.nix",
        "rev": "6ad601df0a07d9855c5e8f9b81135ecaf7c287eb",
        "type": "github"
      },
      "original": {
        "owner": "astro",
        "repo": "microvm.nix",
        "type": "github"
      }
    },
    "nixpkgs": {
      "locked": {
        "lastModified": 1757347588,
        "narHash": "sha256-tLdkkC6XnsY9EOZW9TlpesTclELy8W7lL2ClL+nma8o=",
        "owner": "NixOS",
        "repo": "nixpkgs",
        "rev": "b599843bad24621dcaa5ab60dac98f9b0eb1cabe",
        "type": "github"
      },
      "original": {
        "id": "nixpkgs",
        "ref": "nixos-unstable",
        "type": "indirect"
      }
    },
    "nixpkgs-lib": {
      "locked": {
        "lastModified": 1777168982,
        "narHash": "sha256-GOkGPcboWE9BmGCRMLX3worL4EMnsnG8MyKmXNeYuhQ=",
        "owner": "nix-community",
        "repo": "nixpkgs.lib",
        "rev": "f5901329dade4a6ea039af1433fb087bd9c1fe14",
        "type": "github"
      },
      "original": {
        "owner": "nix-community",
        "repo": "nixpkgs.lib",
        "type": "github"
      }
    },
    "nixpkgs-lib_2": {
      "locked": {
        "lastModified": 1774748309,
        "narHash": "sha256-+U7gF3qxzwD5TZuANzZPeJTZRHS29OFQgkQ2kiTJBIQ=",
        "owner": "nix-community",
        "repo": "nixpkgs.lib",
        "rev": "333c4e0545a6da976206c74db8773a1645b5870a",
        "type": "github"
      },
      "original": {
        "owner": "nix-community",
        "repo": "nixpkgs.lib",
        "type": "github"
      }
    },
    "nixpkgs-lib_3": {
      "locked": {
        "lastModified": 1769909678,
        "narHash": "sha256-cBEymOf4/o3FD5AZnzC3J9hLbiZ+QDT/KDuyHXVJOpM=",
        "owner": "nix-community",
        "repo": "nixpkgs.lib",
        "rev": "72716169fe93074c333e8d0173151350670b824c",
        "type": "github"
      },
      "original": {
        "owner": "nix-community",
        "repo": "nixpkgs.lib",
        "type": "github"
      }
    },
    "nixpkgs_2": {
      "locked": {
        "lastModified": 1770537093,
        "narHash": "sha256-XV30uo8tXuxdzuV8l3sojmlPRLd/8tpMsOp4lNzLGUo=",
        "rev": "fef9403a3e4d31b0a23f0bacebbec52c248fbb51",
        "type": "tarball",
        "url": "https://releases.nixos.org/nixpkgs/nixpkgs-26.05pre942631.fef9403a3e4d/nixexprs.tar.xz"
      },
      "original": {
        "type": "tarball",
        "url": "https://channels.nixos.org/nixpkgs-unstable/nixexprs.tar.xz"
      }
    },
    "nixpkgs_3": {
      "locked": {
        "lastModified": 1781216227,
        "narHash": "sha256-9mUW6gNwoN2SWc/l0fW4svPNOulXLl8ijqKyeSOGgJE=",
        "owner": "nixos",
        "repo": "nixpkgs",
        "rev": "a0374025a863d007d98e3297f6aa46cc3141c2f0",
        "type": "github"
      },
      "original": {
        "owner": "nixos",
        "ref": "nixos-26.05",
        "repo": "nixpkgs",
        "type": "github"
      }
    },
    "nixpkgs_4": {
      "locked": {
        "lastModified": 1769789167,
        "narHash": "sha256-kKB3bqYJU5nzYeIROI82Ef9VtTbu4uA3YydSk/Bioa8=",
        "owner": "NixOS",
        "repo": "nixpkgs",
        "rev": "62c8382960464ceb98ea593cb8321a2cf8f9e3e5",
        "type": "github"
      },
      "original": {
        "owner": "NixOS",
        "ref": "nixos-unstable",
        "repo": "nixpkgs",
        "type": "github"
      }
    },
    "picolimbo": {
      "inputs": {
        "nixpkgs": [
          "nixpkgs"
        ]
      },
      "locked": {
        "lastModified": 1781542218,
        "narHash": "sha256-AR2RrCn4D1LsP6CUXav9lhfW8jpO7temJsOX3n17U/s=",
        "owner": "Quozul",
        "repo": "PicoLimbo",
        "rev": "7eca54beec6777d0299d0db6fbb083df372ea862",
        "type": "github"
      },
      "original": {
        "owner": "Quozul",
        "repo": "PicoLimbo",
        "type": "github"
      }
    },
    "prism-tower": {
      "inputs": {
        "flake-parts": "flake-parts_2",
        "nixpkgs": [
          "nixpkgs"
        ]
      },
      "locked": {
        "lastModified": 1778316972,
        "narHash": "sha256-rBtLvWpANts7XXyRTLMDHF4lnuBEClbHIpDpNNLxDL0=",
        "owner": "wongcallum",
        "repo": "prism-tower",
        "rev": "0f6f5bd110a916c3293e161af30d074f6a2c0c86",
        "type": "github"
      },
      "original": {
        "owner": "wongcallum",
        "repo": "prism-tower",
        "type": "github"
      }
    },
    "quadlet-nix": {
      "locked": {
        "lastModified": 1779658505,
        "narHash": "sha256-hbVBnj18VyoFRNE5mKzYeKRat/INBxnIEIIATfF1JsA=",
        "owner": "SEIAROTg",
        "repo": "quadlet-nix",
        "rev": "d536933bf89334bf9ccb036e84131793712965b1",
        "type": "github"
      },
      "original": {
        "owner": "SEIAROTg",
        "repo": "quadlet-nix",
        "type": "github"
      }
    },
    "root": {
      "inputs": {
        "deploy-rs": "deploy-rs",
        "disko": "disko",
        "flake-parts": "flake-parts",
        "flux": "flux",
        "ghostty": "ghostty",
        "impermanence": "impermanence",
        "import-tree": "import-tree",
        "microvm": "microvm",
        "nixpkgs": "nixpkgs_3",
        "picolimbo": "picolimbo",
        "prism-tower": "prism-tower",
        "quadlet-nix": "quadlet-nix",
        "secrets": "secrets",
        "sops-nix": "sops-nix",
        "unstable": "unstable",
        "unstable-upstream": "unstable-upstream",
        "zed": "zed"
      }
    },
    "rust-overlay": {
      "inputs": {
        "nixpkgs": [
          "zed",
          "nixpkgs"
        ]
      },
      "locked": {
        "lastModified": 1777346187,
        "narHash": "sha256-oVxyGjpiIsrXhWTJVUOs38fZQkLjd0nZGOY9K7Kfot8=",
        "owner": "oxalica",
        "repo": "rust-overlay",
        "rev": "146e7bf7569b8288f24d41d806b9f584f7cfd5b5",
        "type": "github"
      },
      "original": {
        "owner": "oxalica",
        "repo": "rust-overlay",
        "type": "github"
      }
    },
    "secrets": {
      "flake": false,
      "locked": {
        "lastModified": 1781405565,
        "narHash": "sha256-O2bFHuYUKjwh5m6zRJPGo7BtGf2NnTNfIbbf17+grKw=",
        "ref": "refs/heads/master",
        "rev": "339151aaeb706b440832d0600c18ddd8d271e09f",
        "shallow": true,
        "type": "git",
        "url": "ssh://git@github.com/wongcallum/nixos-secrets.git"
      },
      "original": {
        "shallow": true,
        "type": "git",
        "url": "ssh://git@github.com/wongcallum/nixos-secrets.git"
      }
    },
    "sops-nix": {
      "inputs": {
        "nixpkgs": [
          "nixpkgs"
        ]
      },
      "locked": {
        "lastModified": 1780547341,
        "narHash": "sha256-Gq8KNx5A7hBB3uGJaj6eQfLDIz5YdLu92gqBcvHvoUo=",
        "owner": "Mic92",
        "repo": "sops-nix",
        "rev": "9ed65852b6257fbeae4355bc24ecfea307ca759a",
        "type": "github"
      },
      "original": {
        "owner": "Mic92",
        "repo": "sops-nix",
        "type": "github"
      }
    },
    "spectrum": {
      "flake": false,
      "locked": {
        "lastModified": 1778940603,
        "narHash": "sha256-voSM8dZNlaOWN3kbYFky+FNY6fFQOEw0xF+ZMpZKkCQ=",
        "ref": "refs/heads/main",
        "rev": "367dd227f539267eae2b62770b4c17b88ac8c1f1",
        "revCount": 1265,
        "type": "git",
        "url": "https://spectrum-os.org/git/spectrum"
      },
      "original": {
        "type": "git",
        "url": "https://spectrum-os.org/git/spectrum"
      }
    },
    "systems": {
      "locked": {
        "lastModified": 1681028828,
        "narHash": "sha256-Vy1rq5AaRuLzOxct8nz4T6wlgyUR7zLU309k9mBC768=",
        "owner": "nix-systems",
        "repo": "default",
        "rev": "da67096a3b9bf56a91d16901293e51ba5b49a27e",
        "type": "github"
      },
      "original": {
        "owner": "nix-systems",
        "repo": "default",
        "type": "github"
      }
    },
    "systems_2": {
      "flake": false,
      "locked": {
        "lastModified": 1681028828,
        "narHash": "sha256-Vy1rq5AaRuLzOxct8nz4T6wlgyUR7zLU309k9mBC768=",
        "owner": "nix-systems",
        "repo": "default",
        "rev": "da67096a3b9bf56a91d16901293e51ba5b49a27e",
        "type": "github"
      },
      "original": {
        "owner": "nix-systems",
        "repo": "default",
        "type": "github"
      }
    },
    "unstable": {
      "locked": {
        "lastModified": 1781956928,
        "narHash": "sha256-/6CL7K9AA6ljE2QQ5/oI5GAcE/IS1X6QfJ5tblPRZZU=",
        "owner": "wongcallum",
        "repo": "nixpkgs",
        "rev": "0a7711bf174ac974881d76e073253acfa96c6441",
        "type": "github"
      },
      "original": {
        "owner": "wongcallum",
        "ref": "patched",
        "repo": "nixpkgs",
        "type": "github"
      }
    },
    "unstable-upstream": {
      "locked": {
        "lastModified": 1781074563,
        "narHash": "sha256-md8WlXOlfnIeHeOScMTTHFyf2d6iaTwPl2apR5EQ3P4=",
        "owner": "nixos",
        "repo": "nixpkgs",
        "rev": "9ae611a455b90cf061d8f332b977e387bda8e1ca",
        "type": "github"
      },
      "original": {
        "owner": "nixos",
        "ref": "nixos-unstable",
        "repo": "nixpkgs",
        "type": "github"
      }
    },
    "utils": {
      "inputs": {
        "systems": "systems"
      },
      "locked": {
        "lastModified": 1731533236,
        "narHash": "sha256-l0KFg5HjrsfsO/JpG+r7fRrqm12kzFHyUHqHCVpMMbI=",
        "owner": "numtide",
        "repo": "flake-utils",
        "rev": "11707dc2f618dd54ca8739b309ec4fc024de578b",
        "type": "github"
      },
      "original": {
        "owner": "numtide",
        "repo": "flake-utils",
        "type": "github"
      }
    },
    "zed": {
      "inputs": {
        "crane": "crane_2",
        "flake-parts": "flake-parts_3",
        "nixpkgs": "nixpkgs_4",
        "rust-overlay": "rust-overlay"
      },
      "locked": {
        "lastModified": 1782045908,
        "narHash": "sha256-6Nh9p2HbtaqEN1T25b7ccLVHuPxFkjaojCVkRhQ155U=",
        "owner": "wongcallum",
        "repo": "zed",
        "rev": "d5b0d8aa5a7438e896c09e2e80a155c7f9d4de71",
        "type": "github"
      },
      "original": {
        "owner": "wongcallum",
        "ref": "wayland-ext-background-effect-blur",
        "repo": "zed",
        "type": "github"
      }
    },
    "zig": {
      "inputs": {
        "flake-compat": [
          "ghostty",
          "flake-compat"
        ],
        "nixpkgs": [
          "ghostty",
          "nixpkgs"
        ],
        "systems": [
          "ghostty",
          "systems"
        ]
      },
      "locked": {
        "lastModified": 1776789209,
        "narHash": "sha256-G6B7Q4TXn7MZ1mB+f9rymjsYF5PLWoSvmbxijb/99bw=",
        "owner": "mitchellh",
        "repo": "zig-overlay",
        "rev": "14fe971844e841297ddd2ce9783d6892b467af39",
        "type": "github"
      },
      "original": {
        "owner": "mitchellh",
        "repo": "zig-overlay",
        "type": "github"
      }
    },
    "zig_2": {
      "inputs": {
        "nixpkgs": [
          "ghostty",
          "zon2nix",
          "nixpkgs"
        ]
      },
      "locked": {
        "lastModified": 1777234348,
        "narHash": "sha256-fKw44a4qbUuI5eTG8k0gPbqMV5TOrjYF35PBzsYgd2U=",
        "ref": "refs/heads/main",
        "rev": "2c781c0609ecda600ab98f98cca417bbd981bd53",
        "revCount": 1677,
        "type": "git",
        "url": "https://codeberg.org/jcollie/zig-overlay.git"
      },
      "original": {
        "type": "git",
        "url": "https://codeberg.org/jcollie/zig-overlay.git"
      }
    },
    "zon2nix": {
      "inputs": {
        "nixpkgs": [
          "ghostty",
          "nixpkgs"
        ],
        "zig": "zig_2"
      },
      "locked": {
        "lastModified": 1777314365,
        "narHash": "sha256-eLxQaD0wc96Neqkln8wHS0rNq/chPODifFkhwrwilEU=",
        "owner": "jcollie",
        "repo": "zon2nix",
        "rev": "a5a1d412ad1ab6305511997bbc92b3a9dd6cb784",
        "type": "github"
      },
      "original": {
        "owner": "jcollie",
        "ref": "main",
        "repo": "zon2nix",
        "type": "github"
      }
    }
  },
  "root": "root",
  "version": 7
}
