name: Update flake.lock

on:
  workflow_dispatch:
  schedule:
    - cron: "0 4 * * 1"

jobs:
  update:
    runs-on: ubuntu-latest
    permissions:
      contents: write
      pull-requests: write
    steps:
      - uses: actions/checkout@v4

      - uses: webfactory/ssh-agent@v0.9.1
        with:
          ssh-private-key: ${{ secrets.SECRETS_DEPLOY_KEY }}

      - uses: DeterminateSystems/nix-installer-action@main

      - name: Rebase patched nixpkgs
        env:
          GITHUB_TOKEN: ${{ secrets.NIXPKGS_PAT }}
        shell: bash -e -o pipefail {0}
        run: |
          {
            nix flake update unstable-upstream
            ./scripts/patch-nixpkgs.sh
          } 2>&1 | tee /tmp/flake-update.log
          changes=$(grep -A2 "Updated input" /tmp/flake-update.log | grep -v '^--$' || true)
          {
            echo "PATCHED_NIXPKGS_CHANGES<<PATCHED_NIXPKGS_EOF"
            echo "$changes"
            echo "PATCHED_NIXPKGS_EOF"
          } >> "$GITHUB_ENV"

      - uses: DeterminateSystems/update-flake-lock@main
        with:
          token: ${{ secrets.GITHUB_TOKEN }}
          pr-title: "chore: update flake.lock"
          pr-labels: |
            dependencies
            automated
          commit-msg: "chore: update flake.lock"
          pr-body: |
            ```
            {{ env.GIT_COMMIT_MESSAGE }}
            {{ env.PATCHED_NIXPKGS_CHANGES }}
            ```
